
Microsoft Visual Studio Solution File, Format Version 12.00
# Visual Studio Version 17
VisualStudioVersion = 17.14.36408.4 d17.14
MinimumVisualStudioVersion = 10.0.40219.1
Project("{FAE04EC0-301F-11D3-BF4B-00C04F79EFBC}") = "api-angular-backend", "api-angular-backend\api-angular-backend.csproj", "{9FF35AFA-3477-4692-96C9-099E504F163C}"
EndProject
Global
	GlobalSection(SolutionConfigurationPlatforms) = preSolution
		Debug|Any CPU = Debug|Any CPU
		Release|Any CPU = Release|Any CPU
	EndGlobalSection
	GlobalSection(ProjectConfigurationPlatforms) = postSolution
		{9FF35AFA-3477-4692-96C9-099E504F163C}.Debug|Any CPU.ActiveCfg = Debug|Any CPU
		{9FF35AFA-3477-4692-96C9-099E504F163C}.Debug|Any CPU.Build.0 = Debug|Any CPU
		{9FF35AFA-3477-4692-96C9-099E504F163C}.Release|Any CPU.ActiveCfg = Release|Any CPU
		{9FF35AFA-3477-4692-96C9-099E504F163C}.Release|Any CPU.Build.0 = Release|Any CPU
	EndGlobalSection
	GlobalSection(SolutionProperties) = preSolution
		HideSolutionNode = FALSE
	EndGlobalSection
	GlobalSection(ExtensibilityGlobals) = postSolution
		SolutionGuid = {D74FB21D-5B49-43F4-9F75-621E88798799}
	EndGlobalSection
EndGlobal
